
Microsoft Visual Studio Solution File, Format Version 12.00
# Visual Studio 15
VisualStudioVersion = 15.0.26430.15
MinimumVisualStudioVersion = 10.0.40219.1
Project("{FAE04EC0-301F-11D3-BF4B-00C04F79EFBC}") = "Zevruk", "ConsoleApp16\Zevruk.csproj", "{D4AF7577-0180-4F79-AD36-D7649CC6F084}"
EndProject
Global
	GlobalSection(SolutionConfigurationPlatforms) = preSolution
		Debug|Any CPU = Debug|Any CPU
		Release|Any CPU = Release|Any CPU
	EndGlobalSection
	GlobalSection(ProjectConfigurationPlatforms) = postSolution
		{D4AF7577-0180-4F79-AD36-D7649CC6F084}.Debug|Any CPU.ActiveCfg = Debug|Any CPU
		{D4AF7577-0180-4F79-AD36-D7649CC6F084}.Debug|Any CPU.Build.0 = Debug|Any CPU
		{D4AF7577-0180-4F79-AD36-D7649CC6F084}.Release|Any CPU.ActiveCfg = Release|Any CPU
		{D4AF7577-0180-4F79-AD36-D7649CC6F084}.Release|Any CPU.Build.0 = Release|Any CPU
	EndGlobalSection
	GlobalSection(SolutionProperties) = preSolution
		HideSolutionNode = FALSE
	EndGlobalSection
EndGlobal
